
Microsoft Visual Studio Solution File, Format Version 12.00
# Visual Studio Version 16
VisualStudioVersion = 16.0.31624.102
MinimumVisualStudioVersion = 10.0.40219.1
Project("{FAE04EC0-301F-11D3-BF4B-00C04F79EFBC}") = "BarcodeScannerJavaScript", "BarcodeScannerJavaScript\BarcodeScannerJavaScript.csproj", "{4EDFB399-0ED7-4780-B949-084CDF3084E4}"
EndProject
Global
	GlobalSection(SolutionConfigurationPlatforms) = preSolution
		Debug|Any CPU = Debug|Any CPU
		Release|Any CPU = Release|Any CPU
	EndGlobalSection
	GlobalSection(ProjectConfigurationPlatforms) = postSolution
		{4EDFB399-0ED7-4780-B949-084CDF3084E4}.Debug|Any CPU.ActiveCfg = Debug|Any CPU
		{4EDFB399-0ED7-4780-B949-084CDF3084E4}.Debug|Any CPU.Build.0 = Debug|Any CPU
		{4EDFB399-0ED7-4780-B949-084CDF3084E4}.Release|Any CPU.ActiveCfg = Release|Any CPU
		{4EDFB399-0ED7-4780-B949-084CDF3084E4}.Release|Any CPU.Build.0 = Release|Any CPU
	EndGlobalSection
	GlobalSection(SolutionProperties) = preSolution
		HideSolutionNode = FALSE
	EndGlobalSection
	GlobalSection(ExtensibilityGlobals) = postSolution
		SolutionGuid = {145EA824-821D-4EB1-AE41-E86DBB4CB5BB}
	EndGlobalSection
EndGlobal
